
Microsoft Visual Studio Solution File, Format Version 12.00
# Visual Studio 15
VisualStudioVersion = 15.0.28010.2046
MinimumVisualStudioVersion = 10.0.40219.1
Project("{FAE04EC0-301F-11D3-BF4B-00C04F79EFBC}") = "PowerCampus.SelfService.Installer", "PowerCampus.SelfService.Installer.csproj", "{3C31041E-061D-49B2-BA25-B5431D5A022E}"
EndProject
Global
	GlobalSection(SolutionConfigurationPlatforms) = preSolution
		Debug|x86 = Debug|x86
		Release|x86 = Release|x86
	EndGlobalSection
	GlobalSection(ProjectConfigurationPlatforms) = postSolution
		{3C31041E-061D-49B2-BA25-B5431D5A022E}.Debug|x86.ActiveCfg = Debug|x86
		{3C31041E-061D-49B2-BA25-B5431D5A022E}.Debug|x86.Build.0 = Debug|x86
		{3C31041E-061D-49B2-BA25-B5431D5A022E}.Release|x86.ActiveCfg = Release|x86
		{3C31041E-061D-49B2-BA25-B5431D5A022E}.Release|x86.Build.0 = Release|x86
	EndGlobalSection
	GlobalSection(SolutionProperties) = preSolution
		HideSolutionNode = FALSE
	EndGlobalSection
	GlobalSection(ExtensibilityGlobals) = postSolution
		SolutionGuid = {167A937F-67E9-450A-ACEC-B4E8D6E34922}
	EndGlobalSection
EndGlobal
